
Microsoft Visual Studio Solution File, Format Version 12.00
# Visual Studio Version 17
VisualStudioVersion = 17.7.34202.233
MinimumVisualStudioVersion = 10.0.40219.1
Project("{FAE04EC0-301F-11D3-BF4B-00C04F79EFBC}") = "CarFactory", "CarFactory.csproj", "{DBA9ED19-6CAE-41A7-B148-961AA928D70B}"
EndProject
Global
	GlobalSection(SolutionConfigurationPlatforms) = preSolution
		Debug|Any CPU = Debug|Any CPU
		Release|Any CPU = Release|Any CPU
	EndGlobalSection
	GlobalSection(ProjectConfigurationPlatforms) = postSolution
		{DBA9ED19-6CAE-41A7-B148-961AA928D70B}.Debug|Any CPU.ActiveCfg = Debug|Any CPU
		{DBA9ED19-6CAE-41A7-B148-961AA928D70B}.Debug|Any CPU.Build.0 = Debug|Any CPU
		{DBA9ED19-6CAE-41A7-B148-961AA928D70B}.Release|Any CPU.ActiveCfg = Release|Any CPU
		{DBA9ED19-6CAE-41A7-B148-961AA928D70B}.Release|Any CPU.Build.0 = Release|Any CPU
	EndGlobalSection
	GlobalSection(SolutionProperties) = preSolution
		HideSolutionNode = FALSE
	EndGlobalSection
	GlobalSection(ExtensibilityGlobals) = postSolution
		SolutionGuid = {FC1AFC99-9EF4-454A-A07C-C0621B911533}
	EndGlobalSection
EndGlobal
